// !$*UTF8*$!
{
	archiveVersion = 1;
	classes = {
	};
	objectVersion = 46;
	objects = {

/* Begin PBXBuildFile section */
		321B28991CB14C7D006CDE44 /* white_queen.png in Resources */ = {isa = PBXBuildFile; fileRef = 321B28931CB14C7D006CDE44 /* white_queen.png */; };
		321B289D1CB15253006CDE44 /* ChessCell.m in Sources */ = {isa = PBXBuildFile; fileRef = 321B289C1CB15253006CDE44 /* ChessCell.m */; };
		32E5148B1CAFDA720065A083 /* main.m in Sources */ = {isa = PBXBuildFile; fileRef = 32E5148A1CAFDA720065A083 /* main.m */; };
		32E5148E1CAFDA720065A083 /* AppDelegate.m in Sources */ = {isa = PBXBuildFile; fileRef = 32E5148D1CAFDA720065A083 /* AppDelegate.m */; };
		32E514911CAFDA720065A083 /* ViewController.m in Sources */ = {isa = PBXBuildFile; fileRef = 32E514901CAFDA720065A083 /* ViewController.m */; };
		32E514941CAFDA720065A083 /* Main.storyboard in Resources */ = {isa = PBXBuildFile; fileRef = 32E514921CAFDA720065A083 /* Main.storyboard */; };
		32E514961CAFDA720065A083 /* Assets.xcassets in Resources */ = {isa = PBXBuildFile; fileRef = 32E514951CAFDA720065A083 /* Assets.xcassets */; };
		32E514991CAFDA720065A083 /* LaunchScreen.storyboard in Resources */ = {isa = PBXBuildFile; fileRef = 32E514971CAFDA720065A083 /* LaunchScreen.storyboard */; };
		32E514A31CAFDAAC0065A083 /* Pieces.m in Sources */ = {isa = PBXBuildFile; fileRef = 32E514A21CAFDAAC0065A083 /* Pieces.m */; };
		32E514A91CAFDB250065A083 /* Queen.m in Sources */ = {isa = PBXBuildFile; fileRef = 32E514A81CAFDB250065A083 /* Queen.m */; };
		32E514BD1CAFDCF80065A083 /* Player.m in Sources */ = {isa = PBXBuildFile; fileRef = 32E514BC1CAFDCF80065A083 /* Player.m */; };
/* End PBXBuildFile section */

/* Begin PBXFileReference section */
		321B28931CB14C7D006CDE44 /* white_queen.png */ = {isa = PBXFileReference; lastKnownFileType = image.png; path = white_queen.png; sourceTree = "<group>"; };
		321B289B1CB15253006CDE44 /* ChessCell.h */ = {isa = PBXFileReference; fileEncoding = 4; lastKnownFileType = sourcecode.c.h; path = ChessCell.h; sourceTree = "<group>"; };
		321B289C1CB15253006CDE44 /* ChessCell.m */ = {isa = PBXFileReference; fileEncoding = 4; lastKnownFileType = sourcecode.c.objc; path = ChessCell.m; sourceTree = "<group>"; };
		32E514861CAFDA720065A083 /* Ex1Chess.app */ = {isa = PBXFileReference; explicitFileType = wrapper.application; includeInIndex = 0; path = Ex1Chess.app; sourceTree = BUILT_PRODUCTS_DIR; };
		32E5148A1CAFDA720065A083 /* main.m */ = {isa = PBXFileReference; lastKnownFileType = sourcecode.c.objc; path = main.m; sourceTree = "<group>"; };
		32E5148C1CAFDA720065A083 /* AppDelegate.h */ = {isa = PBXFileReference; lastKnownFileType = sourcecode.c.h; path = AppDelegate.h; sourceTree = "<group>"; };
		32E5148D1CAFDA720065A083 /* AppDelegate.m */ = {isa = PBXFileReference; lastKnownFileType = sourcecode.c.objc; path = AppDelegate.m; sourceTree = "<group>"; };
		32E5148F1CAFDA720065A083 /* ViewController.h */ = {isa = PBXFileReference; lastKnownFileType = sourcecode.c.h; path = ViewController.h; sourceTree = "<group>"; };
		32E514901CAFDA720065A083 /* ViewController.m */ = {isa = PBXFileReference; lastKnownFileType = sourcecode.c.objc; path = ViewController.m; sourceTree = "<group>"; };
		32E514931CAFDA720065A083 /* Base */ = {isa = PBXFileReference; lastKnownFileType = file.storyboard; name = Base; path = Base.lproj/Main.storyboard; sourceTree = "<group>"; };
		32E514951CAFDA720065A083 /* Assets.xcassets */ = {isa = PBXFileReference; lastKnownFileType = folder.assetcatalog; path = Assets.xcassets; sourceTree = "<group>"; };
		32E514981CAFDA720065A083 /* Base */ = {isa = PBXFileReference; lastKnownFileType = file.storyboard; name = Base; path = Base.lproj/LaunchScreen.storyboard; sourceTree = "<group>"; };
		32E5149A1CAFDA720065A083 /* Info.plist */ = {isa = PBXFileReference; lastKnownFileType = text.plist.xml; path = Info.plist; sourceTree = "<group>"; };
		32E514A11CAFDAAC0065A083 /* Pieces.h */ = {isa = PBXFileReference; fileEncoding = 4; lastKnownFileType = sourcecode.c.h; path = Pieces.h; sourceTree = "<group>"; };
		32E514A21CAFDAAC0065A083 /* Pieces.m */ = {isa = PBXFileReference; fileEncoding = 4; lastKnownFileType = sourcecode.c.objc; path = Pieces.m; sourceTree = "<group>"; };
		32E514A71CAFDB250065A083 /* Queen.h */ = {isa = PBXFileReference; fileEncoding = 4; lastKnownFileType = sourcecode.c.h; path = Queen.h; sourceTree = "<group>"; };
		32E514A81CAFDB250065A083 /* Queen.m */ = {isa = PBXFileReference; fileEncoding = 4; lastKnownFileType = sourcecode.c.objc; path = Queen.m; sourceTree = "<group>"; };
		32E514BB1CAFDCF80065A083 /* Player.h */ = {isa = PBXFileReference; fileEncoding = 4; lastKnownFileType = sourcecode.c.h; path = Player.h; sourceTree = "<group>"; };
		32E514BC1CAFDCF80065A083 /* Player.m */ = {isa = PBXFileReference; fileEncoding = 4; lastKnownFileType = sourcecode.c.objc; path = Player.m; sourceTree = "<group>"; };
/* End PBXFileReference section */

/* Begin PBXFrameworksBuildPhase section */
		32E514831CAFDA720065A083 /* Frameworks */ = {
			isa = PBXFrameworksBuildPhase;
			buildActionMask = 2147483647;
			files = (
			);
			runOnlyForDeploymentPostprocessing = 0;
		};
/* End PBXFrameworksBuildPhase section */

/* Begin PBXGroup section */
		3217E75B1CB1000E003DBCD3 /* ChessBoard */ = {
			isa = PBXGroup;
			children = (
				321B289B1CB15253006CDE44 /* ChessCell.h */,
				321B289C1CB15253006CDE44 /* ChessCell.m */,
			);
			name = ChessBoard;
			sourceTree = "<group>";
		};
		32E5147D1CAFDA720065A083 = {
			isa = PBXGroup;
			children = (
				32E514881CAFDA720065A083 /* Ex1Chess */,
				32E514871CAFDA720065A083 /* Products */,
			);
			sourceTree = "<group>";
		};
		32E514871CAFDA720065A083 /* Products */ = {
			isa = PBXGroup;
			children = (
				32E514861CAFDA720065A083 /* Ex1Chess.app */,
			);
			name = Products;
			sourceTree = "<group>";
		};
		32E514881CAFDA720065A083 /* Ex1Chess */ = {
			isa = PBXGroup;
			children = (
				321B28931CB14C7D006CDE44 /* white_queen.png */,
				3217E75B1CB1000E003DBCD3 /* ChessBoard */,
				32E514BA1CAFDCE90065A083 /* Player */,
				32E514A01CAFDA850065A083 /* Pieces */,
				32E5148C1CAFDA720065A083 /* AppDelegate.h */,
				32E5148D1CAFDA720065A083 /* AppDelegate.m */,
				32E5148F1CAFDA720065A083 /* ViewController.h */,
				32E514901CAFDA720065A083 /* ViewController.m */,
				32E514921CAFDA720065A083 /* Main.storyboard */,
				32E514951CAFDA720065A083 /* Assets.xcassets */,
				32E514971CAFDA720065A083 /* LaunchScreen.storyboard */,
				32E5149A1CAFDA720065A083 /* Info.plist */,
				32E514891CAFDA720065A083 /* Supporting Files */,
			);
			path = Ex1Chess;
			sourceTree = "<group>";
		};
		32E514891CAFDA720065A083 /* Supporting Files */ = {
			isa = PBXGroup;
			children = (
				32E5148A1CAFDA720065A083 /* main.m */,
			);
			name = "Supporting Files";
			sourceTree = "<group>";
		};
		32E514A01CAFDA850065A083 /* Pieces */ = {
			isa = PBXGroup;
			children = (
				32E514A11CAFDAAC0065A083 /* Pieces.h */,
				32E514A21CAFDAAC0065A083 /* Pieces.m */,
				32E514A71CAFDB250065A083 /* Queen.h */,
				32E514A81CAFDB250065A083 /* Queen.m */,
			);
			name = Pieces;
			sourceTree = "<group>";
		};
		32E514BA1CAFDCE90065A083 /* Player */ = {
			isa = PBXGroup;
			children = (
				32E514BB1CAFDCF80065A083 /* Player.h */,
				32E514BC1CAFDCF80065A083 /* Player.m */,
			);
			name = Player;
			sourceTree = "<group>";
		};
/* End PBXGroup section */

/* Begin PBXNativeTarget section */
		32E514851CAFDA720065A083 /* Ex1Chess */ = {
			isa = PBXNativeTarget;
			buildConfigurationList = 32E5149D1CAFDA720065A083 /* Build configuration list for PBXNativeTarget "Ex1Chess" */;
			buildPhases = (
				32E514821CAFDA720065A083 /* Sources */,
				32E514831CAFDA720065A083 /* Frameworks */,
				32E514841CAFDA720065A083 /* Resources */,
			);
			buildRules = (
			);
			dependencies = (
			);
			name = Ex1Chess;
			productName = Ex1Chess;
			productReference = 32E514861CAFDA720065A083 /* Ex1Chess.app */;
			productType = "com.apple.product-type.application";
		};
/* End PBXNativeTarget section */

/* Begin PBXProject section */
		32E5147E1CAFDA720065A083 /* Project object */ = {
			isa = PBXProject;
			attributes = {
				LastUpgradeCheck = 0720;
				ORGANIZATIONNAME = "Quang Dai";
				TargetAttributes = {
					32E514851CAFDA720065A083 = {
						CreatedOnToolsVersion = 7.2;
					};
				};
			};
			buildConfigurationList = 32E514811CAFDA720065A083 /* Build configuration list for PBXProject "Ex1Chess" */;
			compatibilityVersion = "Xcode 3.2";
			developmentRegion = English;
			hasScannedForEncodings = 0;
			knownRegions = (
				en,
				Base,
			);
			mainGroup = 32E5147D1CAFDA720065A083;
			productRefGroup = 32E514871CAFDA720065A083 /* Products */;
			projectDirPath = "";
			projectRoot = "";
			targets = (
				32E514851CAFDA720065A083 /* Ex1Chess */,
			);
		};
/* End PBXProject section */

/* Begin PBXResourcesBuildPhase section */
		32E514841CAFDA720065A083 /* Resources */ = {
			isa = PBXResourcesBuildPhase;
			buildActionMask = 2147483647;
			files = (
				32E514991CAFDA720065A083 /* LaunchScreen.storyboard in Resources */,
				32E514961CAFDA720065A083 /* Assets.xcassets in Resources */,
				32E514941CAFDA720065A083 /* Main.storyboard in Resources */,
				321B28991CB14C7D006CDE44 /* white_queen.png in Resources */,
			);
			runOnlyForDeploymentPostprocessing = 0;
		};
/* End PBXResourcesBuildPhase section */

/* Begin PBXSourcesBuildPhase section */
		32E514821CAFDA720065A083 /* Sources */ = {
			isa = PBXSourcesBuildPhase;
			buildActionMask = 2147483647;
			files = (
				32E514A91CAFDB250065A083 /* Queen.m in Sources */,
				32E514BD1CAFDCF80065A083 /* Player.m in Sources */,
				321B289D1CB15253006CDE44 /* ChessCell.m in Sources */,
				32E514A31CAFDAAC0065A083 /* Pieces.m in Sources */,
				32E514911CAFDA720065A083 /* ViewController.m in Sources */,
				32E5148E1CAFDA720065A083 /* AppDelegate.m in Sources */,
				32E5148B1CAFDA720065A083 /* main.m in Sources */,
			);
			runOnlyForDeploymentPostprocessing = 0;
		};
/* End PBXSourcesBuildPhase section */

/* Begin PBXVariantGroup section */
		32E514921CAFDA720065A083 /* Main.storyboard */ = {
			isa = PBXVariantGroup;
			children = (
				32E514931CAFDA720065A083 /* Base */,
			);
			name = Main.storyboard;
			sourceTree = "<group>";
		};
		32E514971CAFDA720065A083 /* LaunchScreen.storyboard */ = {
			isa = PBXVariantGroup;
			children = (
				32E514981CAFDA720065A083 /* Base */,
			);
			name = LaunchScreen.storyboard;
			sourceTree = "<group>";
		};
/* End PBXVariantGroup section */

/* Begin XCBuildConfiguration section */
		32E5149B1CAFDA720065A083 /* Debug */ = {
			isa = XCBuildConfiguration;
			buildSettings = {
				ALWAYS_SEARCH_USER_PATHS = NO;
				CLANG_CXX_LANGUAGE_STANDARD = "gnu++0x";
				CLANG_CXX_LIBRARY = "libc++";
				CLANG_ENABLE_MODULES = YES;
				CLANG_ENABLE_OBJC_ARC = YES;
				CLANG_WARN_BOOL_CONVERSION = YES;
				CLANG_WARN_CONSTANT_CONVERSION = YES;
				CLANG_WARN_DIRECT_OBJC_ISA_USAGE = YES_ERROR;
				CLANG_WARN_EMPTY_BODY = YES;
				CLANG_WARN_ENUM_CONVERSION = YES;
				CLANG_WARN_INT_CONVERSION = YES;
				CLANG_WARN_OBJC_ROOT_CLASS = YES_ERROR;
				CLANG_WARN_UNREACHABLE_CODE = YES;
				CLANG_WARN__DUPLICATE_METHOD_MATCH = YES;
				"CODE_SIGN_IDENTITY[sdk=iphoneos*]" = "iPhone Developer";
				COPY_PHASE_STRIP = NO;
				DEBUG_INFORMATION_FORMAT = dwarf;
				ENABLE_STRICT_OBJC_MSGSEND = YES;
				ENABLE_TESTABILITY = YES;
				GCC_C_LANGUAGE_STANDARD = gnu99;
				GCC_DYNAMIC_NO_PIC = NO;
				GCC_NO_COMMON_BLOCKS = YES;
				GCC_OPTIMIZATION_LEVEL = 0;
				GCC_PREPROCESSOR_DEFINITIONS = (
					"DEBUG=1",
					"$(inherited)",
				);
				GCC_WARN_64_TO_32_BIT_CONVERSION = YES;
				GCC_WARN_ABOUT_RETURN_TYPE = YES_ERROR;
				GCC_WARN_UNDECLARED_SELECTOR = YES;
				GCC_WARN_UNINITIALIZED_AUTOS = YES_AGGRESSIVE;
				GCC_WARN_UNUSED_FUNCTION = YES;
				GCC_WARN_UNUSED_VARIABLE = YES;
				IPHONEOS_DEPLOYMENT_TARGET = 9.2;
				MTL_ENABLE_DEBUG_INFO = YES;
				ONLY_ACTIVE_ARCH = YES;
				SDKROOT = iphoneos;
			};
			name = Debug;
		};
		32E5149C1CAFDA720065A083 /* Release */ = {
			isa = XCBuildConfiguration;
			buildSettings = {
				ALWAYS_SEARCH_USER_PATHS = NO;
				CLANG_CXX_LANGUAGE_STANDARD = "gnu++0x";
				CLANG_CXX_LIBRARY = "libc++";
				CLANG_ENABLE_MODULES = YES;
				CLANG_ENABLE_OBJC_ARC = YES;
				CLANG_WARN_BOOL_CONVERSION = YES;
				CLANG_WARN_CONSTANT_CONVERSION = YES;
				CLANG_WARN_DIRECT_OBJC_ISA_USAGE = YES_ERROR;
				CLANG_WARN_EMPTY_BODY = YES;
				CLANG_WARN_ENUM_CONVERSION = YES;
				CLANG_WARN_INT_CONVERSION = YES;
				CLANG_WARN_OBJC_ROOT_CLASS = YES_ERROR;
				CLANG_WARN_UNREACHABLE_CODE = YES;
				CLANG_WARN__DUPLICATE_METHOD_MATCH = YES;
				"CODE_SIGN_IDENTITY[sdk=iphoneos*]" = "iPhone Developer";
				COPY_PHASE_STRIP = NO;
				DEBUG_INFORMATION_FORMAT = "dwarf-with-dsym";
				ENABLE_NS_ASSERTIONS = NO;
				ENABLE_STRICT_OBJC_MSGSEND = YES;
				GCC_C_LANGUAGE_STANDARD = gnu99;
				GCC_NO_COMMON_BLOCKS = YES;
				GCC_WARN_64_TO_32_BIT_CONVERSION = YES;
				GCC_WARN_ABOUT_RETURN_TYPE = YES_ERROR;
				GCC_WARN_UNDECLARED_SELECTOR = YES;
				GCC_WARN_UNINITIALIZED_AUTOS = YES_AGGRESSIVE;
				GCC_WARN_UNUSED_FUNCTION = YES;
				GCC_WARN_UNUSED_VARIABLE = YES;
				IPHONEOS_DEPLOYMENT_TARGET = 9.2;
				MTL_ENABLE_DEBUG_INFO = NO;
				SDKROOT = iphoneos;
				VALIDATE_PRODUCT = YES;
			};
			name = Release;
		};
		32E5149E1CAFDA720065A083 /* Debug */ = {
			isa = XCBuildConfiguration;
			buildSettings = {
				ASSETCATALOG_COMPILER_APPICON_NAME = AppIcon;
				INFOPLIST_FILE = Ex1Chess/Info.plist;
				LD_RUNPATH_SEARCH_PATHS = "$(inherited) @executable_path/Frameworks";
				PRODUCT_BUNDLE_IDENTIFIER = daitq.Ex1Chess;
				PRODUCT_NAME = "$(TARGET_NAME)";
				TARGETED_DEVICE_FAMILY = 1;
			};
			name = Debug;
		};
		32E5149F1CAFDA720065A083 /* Release */ = {
			isa = XCBuildConfiguration;
			buildSettings = {
				ASSETCATALOG_COMPILER_APPICON_NAME = AppIcon;
				INFOPLIST_FILE = Ex1Chess/Info.plist;
				LD_RUNPATH_SEARCH_PATHS = "$(inherited) @executable_path/Frameworks";
				PRODUCT_BUNDLE_IDENTIFIER = daitq.Ex1Chess;
				PRODUCT_NAME = "$(TARGET_NAME)";
				TARGETED_DEVICE_FAMILY = 1;
			};
			name = Release;
		};
/* End XCBuildConfiguration section */

/* Begin XCConfigurationList section */
		32E514811CAFDA720065A083 /* Build configuration list for PBXProject "Ex1Chess" */ = {
			isa = XCConfigurationList;
			buildConfigurations = (
				32E5149B1CAFDA720065A083 /* Debug */,
				32E5149C1CAFDA720065A083 /* Release */,
			);
			defaultConfigurationIsVisible = 0;
			defaultConfigurationName = Release;
		};
		32E5149D1CAFDA720065A083 /* Build configuration list for PBXNativeTarget "Ex1Chess" */ = {
			isa = XCConfigurationList;
			buildConfigurations = (
				32E5149E1CAFDA720065A083 /* Debug */,
				32E5149F1CAFDA720065A083 /* Release */,
			);
			defaultConfigurationIsVisible = 0;
			defaultConfigurationName = Release;
		};
/* End XCConfigurationList section */
	};
	rootObject = 32E5147E1CAFDA720065A083 /* Project object */;
}
