// !$*UTF8*$!
{
	archiveVersion = 1;
	classes = {
	};
	objectVersion = 46;
	objects = {

/* Begin PBXBuildFile section */
		322CB5DC1CBA871A006C045F /* json.txt in Resources */ = {isa = PBXBuildFile; fileRef = 322CB5DB1CBA871A006C045F /* json.txt */; };
		3264C3181CBA37D500C2F0E3 /* main.m in Sources */ = {isa = PBXBuildFile; fileRef = 3264C3171CBA37D500C2F0E3 /* main.m */; };
		3264C31B1CBA37D500C2F0E3 /* AppDelegate.m in Sources */ = {isa = PBXBuildFile; fileRef = 3264C31A1CBA37D500C2F0E3 /* AppDelegate.m */; };
		3264C31E1CBA37D500C2F0E3 /* ViewController.m in Sources */ = {isa = PBXBuildFile; fileRef = 3264C31D1CBA37D500C2F0E3 /* ViewController.m */; };
		3264C3211CBA37D600C2F0E3 /* Main.storyboard in Resources */ = {isa = PBXBuildFile; fileRef = 3264C31F1CBA37D600C2F0E3 /* Main.storyboard */; };
		3264C3231CBA37D600C2F0E3 /* Assets.xcassets in Resources */ = {isa = PBXBuildFile; fileRef = 3264C3221CBA37D600C2F0E3 /* Assets.xcassets */; };
		3264C3261CBA37D600C2F0E3 /* LaunchScreen.storyboard in Resources */ = {isa = PBXBuildFile; fileRef = 3264C3241CBA37D600C2F0E3 /* LaunchScreen.storyboard */; };
		32B44D481CCBF60300BE8FCD /* avt4.jpg in Resources */ = {isa = PBXBuildFile; fileRef = 32B44D471CCBF60200BE8FCD /* avt4.jpg */; };
		32B44D4A1CCBF6EA00BE8FCD /* avt1.jpg in Resources */ = {isa = PBXBuildFile; fileRef = 32B44D491CCBF6EA00BE8FCD /* avt1.jpg */; };
		32B44D4C1CCC041000BE8FCD /* background.jpg in Resources */ = {isa = PBXBuildFile; fileRef = 32B44D4B1CCC041000BE8FCD /* background.jpg */; };
		32C87C0B1CBCADF0006C43F8 /* IdCell.m in Sources */ = {isa = PBXBuildFile; fileRef = 32C87C0A1CBCADF0006C43F8 /* IdCell.m */; };
		32C87C0E1CBCB8F9006C43F8 /* DetailChatViewController.m in Sources */ = {isa = PBXBuildFile; fileRef = 32C87C0D1CBCB8F9006C43F8 /* DetailChatViewController.m */; };
		32C87C111CBCBAB0006C43F8 /* DetailChatCell.m in Sources */ = {isa = PBXBuildFile; fileRef = 32C87C101CBCBAB0006C43F8 /* DetailChatCell.m */; };
/* End PBXBuildFile section */

/* Begin PBXFileReference section */
		322CB5DB1CBA871A006C045F /* json.txt */ = {isa = PBXFileReference; fileEncoding = 4; lastKnownFileType = text; path = json.txt; sourceTree = "<group>"; };
		3264C3131CBA37D500C2F0E3 /* JSON-GroupChat.app */ = {isa = PBXFileReference; explicitFileType = wrapper.application; includeInIndex = 0; path = "JSON-GroupChat.app"; sourceTree = BUILT_PRODUCTS_DIR; };
		3264C3171CBA37D500C2F0E3 /* main.m */ = {isa = PBXFileReference; lastKnownFileType = sourcecode.c.objc; path = main.m; sourceTree = "<group>"; };
		3264C3191CBA37D500C2F0E3 /* AppDelegate.h */ = {isa = PBXFileReference; lastKnownFileType = sourcecode.c.h; path = AppDelegate.h; sourceTree = "<group>"; };
		3264C31A1CBA37D500C2F0E3 /* AppDelegate.m */ = {isa = PBXFileReference; lastKnownFileType = sourcecode.c.objc; path = AppDelegate.m; sourceTree = "<group>"; };
		3264C31C1CBA37D500C2F0E3 /* ViewController.h */ = {isa = PBXFileReference; lastKnownFileType = sourcecode.c.h; path = ViewController.h; sourceTree = "<group>"; };
		3264C31D1CBA37D500C2F0E3 /* ViewController.m */ = {isa = PBXFileReference; lastKnownFileType = sourcecode.c.objc; path = ViewController.m; sourceTree = "<group>"; };
		3264C3201CBA37D600C2F0E3 /* Base */ = {isa = PBXFileReference; lastKnownFileType = file.storyboard; name = Base; path = Base.lproj/Main.storyboard; sourceTree = "<group>"; };
		3264C3221CBA37D600C2F0E3 /* Assets.xcassets */ = {isa = PBXFileReference; lastKnownFileType = folder.assetcatalog; path = Assets.xcassets; sourceTree = "<group>"; };
		3264C3251CBA37D600C2F0E3 /* Base */ = {isa = PBXFileReference; lastKnownFileType = file.storyboard; name = Base; path = Base.lproj/LaunchScreen.storyboard; sourceTree = "<group>"; };
		3264C3271CBA37D600C2F0E3 /* Info.plist */ = {isa = PBXFileReference; lastKnownFileType = text.plist.xml; path = Info.plist; sourceTree = "<group>"; };
		32B44D471CCBF60200BE8FCD /* avt4.jpg */ = {isa = PBXFileReference; lastKnownFileType = image.jpeg; path = avt4.jpg; sourceTree = "<group>"; };
		32B44D491CCBF6EA00BE8FCD /* avt1.jpg */ = {isa = PBXFileReference; lastKnownFileType = image.jpeg; path = avt1.jpg; sourceTree = "<group>"; };
		32B44D4B1CCC041000BE8FCD /* background.jpg */ = {isa = PBXFileReference; lastKnownFileType = image.jpeg; path = background.jpg; sourceTree = "<group>"; };
		32C87C091CBCADF0006C43F8 /* IdCell.h */ = {isa = PBXFileReference; fileEncoding = 4; lastKnownFileType = sourcecode.c.h; path = IdCell.h; sourceTree = "<group>"; };
		32C87C0A1CBCADF0006C43F8 /* IdCell.m */ = {isa = PBXFileReference; fileEncoding = 4; lastKnownFileType = sourcecode.c.objc; path = IdCell.m; sourceTree = "<group>"; };
		32C87C0C1CBCB8F9006C43F8 /* DetailChatViewController.h */ = {isa = PBXFileReference; fileEncoding = 4; lastKnownFileType = sourcecode.c.h; path = DetailChatViewController.h; sourceTree = "<group>"; };
		32C87C0D1CBCB8F9006C43F8 /* DetailChatViewController.m */ = {isa = PBXFileReference; fileEncoding = 4; lastKnownFileType = sourcecode.c.objc; path = DetailChatViewController.m; sourceTree = "<group>"; };
		32C87C0F1CBCBAB0006C43F8 /* DetailChatCell.h */ = {isa = PBXFileReference; fileEncoding = 4; lastKnownFileType = sourcecode.c.h; path = DetailChatCell.h; sourceTree = "<group>"; };
		32C87C101CBCBAB0006C43F8 /* DetailChatCell.m */ = {isa = PBXFileReference; fileEncoding = 4; lastKnownFileType = sourcecode.c.objc; path = DetailChatCell.m; sourceTree = "<group>"; };
/* End PBXFileReference section */

/* Begin PBXFrameworksBuildPhase section */
		3264C3101CBA37D500C2F0E3 /* Frameworks */ = {
			isa = PBXFrameworksBuildPhase;
			buildActionMask = 2147483647;
			files = (
			);
			runOnlyForDeploymentPostprocessing = 0;
		};
/* End PBXFrameworksBuildPhase section */

/* Begin PBXGroup section */
		3264C30A1CBA37D500C2F0E3 = {
			isa = PBXGroup;
			children = (
				3264C3151CBA37D500C2F0E3 /* JSON-GroupChat */,
				3264C3141CBA37D500C2F0E3 /* Products */,
			);
			sourceTree = "<group>";
		};
		3264C3141CBA37D500C2F0E3 /* Products */ = {
			isa = PBXGroup;
			children = (
				3264C3131CBA37D500C2F0E3 /* JSON-GroupChat.app */,
			);
			name = Products;
			sourceTree = "<group>";
		};
		3264C3151CBA37D500C2F0E3 /* JSON-GroupChat */ = {
			isa = PBXGroup;
			children = (
				3264C3191CBA37D500C2F0E3 /* AppDelegate.h */,
				3264C31A1CBA37D500C2F0E3 /* AppDelegate.m */,
				3264C31C1CBA37D500C2F0E3 /* ViewController.h */,
				3264C31D1CBA37D500C2F0E3 /* ViewController.m */,
				32C87C091CBCADF0006C43F8 /* IdCell.h */,
				32C87C0A1CBCADF0006C43F8 /* IdCell.m */,
				32C87C0C1CBCB8F9006C43F8 /* DetailChatViewController.h */,
				32C87C0D1CBCB8F9006C43F8 /* DetailChatViewController.m */,
				32C87C0F1CBCBAB0006C43F8 /* DetailChatCell.h */,
				32C87C101CBCBAB0006C43F8 /* DetailChatCell.m */,
				3264C31F1CBA37D600C2F0E3 /* Main.storyboard */,
				3264C3221CBA37D600C2F0E3 /* Assets.xcassets */,
				3264C3241CBA37D600C2F0E3 /* LaunchScreen.storyboard */,
				322CB5DB1CBA871A006C045F /* json.txt */,
				3264C3271CBA37D600C2F0E3 /* Info.plist */,
				32B44D4B1CCC041000BE8FCD /* background.jpg */,
				32B44D471CCBF60200BE8FCD /* avt4.jpg */,
				32B44D491CCBF6EA00BE8FCD /* avt1.jpg */,
				3264C3161CBA37D500C2F0E3 /* Supporting Files */,
			);
			path = "JSON-GroupChat";
			sourceTree = "<group>";
		};
		3264C3161CBA37D500C2F0E3 /* Supporting Files */ = {
			isa = PBXGroup;
			children = (
				3264C3171CBA37D500C2F0E3 /* main.m */,
			);
			name = "Supporting Files";
			sourceTree = "<group>";
		};
/* End PBXGroup section */

/* Begin PBXNativeTarget section */
		3264C3121CBA37D500C2F0E3 /* JSON-GroupChat */ = {
			isa = PBXNativeTarget;
			buildConfigurationList = 3264C32A1CBA37D600C2F0E3 /* Build configuration list for PBXNativeTarget "JSON-GroupChat" */;
			buildPhases = (
				3264C30F1CBA37D500C2F0E3 /* Sources */,
				3264C3101CBA37D500C2F0E3 /* Frameworks */,
				3264C3111CBA37D500C2F0E3 /* Resources */,
			);
			buildRules = (
			);
			dependencies = (
			);
			name = "JSON-GroupChat";
			productName = "JSON-GroupChat";
			productReference = 3264C3131CBA37D500C2F0E3 /* JSON-GroupChat.app */;
			productType = "com.apple.product-type.application";
		};
/* End PBXNativeTarget section */

/* Begin PBXProject section */
		3264C30B1CBA37D500C2F0E3 /* Project object */ = {
			isa = PBXProject;
			attributes = {
				LastUpgradeCheck = 0720;
				ORGANIZATIONNAME = "Quang Dai";
				TargetAttributes = {
					3264C3121CBA37D500C2F0E3 = {
						CreatedOnToolsVersion = 7.2;
					};
				};
			};
			buildConfigurationList = 3264C30E1CBA37D500C2F0E3 /* Build configuration list for PBXProject "JSON-GroupChat" */;
			compatibilityVersion = "Xcode 3.2";
			developmentRegion = English;
			hasScannedForEncodings = 0;
			knownRegions = (
				en,
				Base,
			);
			mainGroup = 3264C30A1CBA37D500C2F0E3;
			productRefGroup = 3264C3141CBA37D500C2F0E3 /* Products */;
			projectDirPath = "";
			projectRoot = "";
			targets = (
				3264C3121CBA37D500C2F0E3 /* JSON-GroupChat */,
			);
		};
/* End PBXProject section */

/* Begin PBXResourcesBuildPhase section */
		3264C3111CBA37D500C2F0E3 /* Resources */ = {
			isa = PBXResourcesBuildPhase;
			buildActionMask = 2147483647;
			files = (
				322CB5DC1CBA871A006C045F /* json.txt in Resources */,
				32B44D4A1CCBF6EA00BE8FCD /* avt1.jpg in Resources */,
				32B44D4C1CCC041000BE8FCD /* background.jpg in Resources */,
				32B44D481CCBF60300BE8FCD /* avt4.jpg in Resources */,
				3264C3261CBA37D600C2F0E3 /* LaunchScreen.storyboard in Resources */,
				3264C3231CBA37D600C2F0E3 /* Assets.xcassets in Resources */,
				3264C3211CBA37D600C2F0E3 /* Main.storyboard in Resources */,
			);
			runOnlyForDeploymentPostprocessing = 0;
		};
/* End PBXResourcesBuildPhase section */

/* Begin PBXSourcesBuildPhase section */
		3264C30F1CBA37D500C2F0E3 /* Sources */ = {
			isa = PBXSourcesBuildPhase;
			buildActionMask = 2147483647;
			files = (
				32C87C0B1CBCADF0006C43F8 /* IdCell.m in Sources */,
				3264C31E1CBA37D500C2F0E3 /* ViewController.m in Sources */,
				32C87C0E1CBCB8F9006C43F8 /* DetailChatViewController.m in Sources */,
				3264C31B1CBA37D500C2F0E3 /* AppDelegate.m in Sources */,
				32C87C111CBCBAB0006C43F8 /* DetailChatCell.m in Sources */,
				3264C3181CBA37D500C2F0E3 /* main.m in Sources */,
			);
			runOnlyForDeploymentPostprocessing = 0;
		};
/* End PBXSourcesBuildPhase section */

/* Begin PBXVariantGroup section */
		3264C31F1CBA37D600C2F0E3 /* Main.storyboard */ = {
			isa = PBXVariantGroup;
			children = (
				3264C3201CBA37D600C2F0E3 /* Base */,
			);
			name = Main.storyboard;
			sourceTree = "<group>";
		};
		3264C3241CBA37D600C2F0E3 /* LaunchScreen.storyboard */ = {
			isa = PBXVariantGroup;
			children = (
				3264C3251CBA37D600C2F0E3 /* Base */,
			);
			name = LaunchScreen.storyboard;
			sourceTree = "<group>";
		};
/* End PBXVariantGroup section */

/* Begin XCBuildConfiguration section */
		3264C3281CBA37D600C2F0E3 /* Debug */ = {
			isa = XCBuildConfiguration;
			buildSettings = {
				ALWAYS_SEARCH_USER_PATHS = NO;
				CLANG_CXX_LANGUAGE_STANDARD = "gnu++0x";
				CLANG_CXX_LIBRARY = "libc++";
				CLANG_ENABLE_MODULES = YES;
				CLANG_ENABLE_OBJC_ARC = YES;
				CLANG_WARN_BOOL_CONVERSION = YES;
				CLANG_WARN_CONSTANT_CONVERSION = YES;
				CLANG_WARN_DIRECT_OBJC_ISA_USAGE = YES_ERROR;
				CLANG_WARN_EMPTY_BODY = YES;
				CLANG_WARN_ENUM_CONVERSION = YES;
				CLANG_WARN_INT_CONVERSION = YES;
				CLANG_WARN_OBJC_ROOT_CLASS = YES_ERROR;
				CLANG_WARN_UNREACHABLE_CODE = YES;
				CLANG_WARN__DUPLICATE_METHOD_MATCH = YES;
				"CODE_SIGN_IDENTITY[sdk=iphoneos*]" = "iPhone Developer";
				COPY_PHASE_STRIP = NO;
				DEBUG_INFORMATION_FORMAT = dwarf;
				ENABLE_STRICT_OBJC_MSGSEND = YES;
				ENABLE_TESTABILITY = YES;
				GCC_C_LANGUAGE_STANDARD = gnu99;
				GCC_DYNAMIC_NO_PIC = NO;
				GCC_NO_COMMON_BLOCKS = YES;
				GCC_OPTIMIZATION_LEVEL = 0;
				GCC_PREPROCESSOR_DEFINITIONS = (
					"DEBUG=1",
					"$(inherited)",
				);
				GCC_WARN_64_TO_32_BIT_CONVERSION = YES;
				GCC_WARN_ABOUT_RETURN_TYPE = YES_ERROR;
				GCC_WARN_UNDECLARED_SELECTOR = YES;
				GCC_WARN_UNINITIALIZED_AUTOS = YES_AGGRESSIVE;
				GCC_WARN_UNUSED_FUNCTION = YES;
				GCC_WARN_UNUSED_VARIABLE = YES;
				IPHONEOS_DEPLOYMENT_TARGET = 9.2;
				MTL_ENABLE_DEBUG_INFO = YES;
				ONLY_ACTIVE_ARCH = YES;
				SDKROOT = iphoneos;
			};
			name = Debug;
		};
		3264C3291CBA37D600C2F0E3 /* Release */ = {
			isa = XCBuildConfiguration;
			buildSettings = {
				ALWAYS_SEARCH_USER_PATHS = NO;
				CLANG_CXX_LANGUAGE_STANDARD = "gnu++0x";
				CLANG_CXX_LIBRARY = "libc++";
				CLANG_ENABLE_MODULES = YES;
				CLANG_ENABLE_OBJC_ARC = YES;
				CLANG_WARN_BOOL_CONVERSION = YES;
				CLANG_WARN_CONSTANT_CONVERSION = YES;
				CLANG_WARN_DIRECT_OBJC_ISA_USAGE = YES_ERROR;
				CLANG_WARN_EMPTY_BODY = YES;
				CLANG_WARN_ENUM_CONVERSION = YES;
				CLANG_WARN_INT_CONVERSION = YES;
				CLANG_WARN_OBJC_ROOT_CLASS = YES_ERROR;
				CLANG_WARN_UNREACHABLE_CODE = YES;
				CLANG_WARN__DUPLICATE_METHOD_MATCH = YES;
				"CODE_SIGN_IDENTITY[sdk=iphoneos*]" = "iPhone Developer";
				COPY_PHASE_STRIP = NO;
				DEBUG_INFORMATION_FORMAT = "dwarf-with-dsym";
				ENABLE_NS_ASSERTIONS = NO;
				ENABLE_STRICT_OBJC_MSGSEND = YES;
				GCC_C_LANGUAGE_STANDARD = gnu99;
				GCC_NO_COMMON_BLOCKS = YES;
				GCC_WARN_64_TO_32_BIT_CONVERSION = YES;
				GCC_WARN_ABOUT_RETURN_TYPE = YES_ERROR;
				GCC_WARN_UNDECLARED_SELECTOR = YES;
				GCC_WARN_UNINITIALIZED_AUTOS = YES_AGGRESSIVE;
				GCC_WARN_UNUSED_FUNCTION = YES;
				GCC_WARN_UNUSED_VARIABLE = YES;
				IPHONEOS_DEPLOYMENT_TARGET = 9.2;
				MTL_ENABLE_DEBUG_INFO = NO;
				SDKROOT = iphoneos;
				VALIDATE_PRODUCT = YES;
			};
			name = Release;
		};
		3264C32B1CBA37D600C2F0E3 /* Debug */ = {
			isa = XCBuildConfiguration;
			buildSettings = {
				ASSETCATALOG_COMPILER_APPICON_NAME = AppIcon;
				INFOPLIST_FILE = "JSON-GroupChat/Info.plist";
				INFOPLIST_OTHER_PREPROCESSOR_FLAGS = "-traditional";
				LD_RUNPATH_SEARCH_PATHS = "$(inherited) @executable_path/Frameworks";
				PRODUCT_BUNDLE_IDENTIFIER = "daitq.JSON-GroupChat";
				PRODUCT_NAME = "$(TARGET_NAME)";
			};
			name = Debug;
		};
		3264C32C1CBA37D600C2F0E3 /* Release */ = {
			isa = XCBuildConfiguration;
			buildSettings = {
				ASSETCATALOG_COMPILER_APPICON_NAME = AppIcon;
				INFOPLIST_FILE = "JSON-GroupChat/Info.plist";
				INFOPLIST_OTHER_PREPROCESSOR_FLAGS = "-traditional";
				LD_RUNPATH_SEARCH_PATHS = "$(inherited) @executable_path/Frameworks";
				PRODUCT_BUNDLE_IDENTIFIER = "daitq.JSON-GroupChat";
				PRODUCT_NAME = "$(TARGET_NAME)";
			};
			name = Release;
		};
/* End XCBuildConfiguration section */

/* Begin XCConfigurationList section */
		3264C30E1CBA37D500C2F0E3 /* Build configuration list for PBXProject "JSON-GroupChat" */ = {
			isa = XCConfigurationList;
			buildConfigurations = (
				3264C3281CBA37D600C2F0E3 /* Debug */,
				3264C3291CBA37D600C2F0E3 /* Release */,
			);
			defaultConfigurationIsVisible = 0;
			defaultConfigurationName = Release;
		};
		3264C32A1CBA37D600C2F0E3 /* Build configuration list for PBXNativeTarget "JSON-GroupChat" */ = {
			isa = XCConfigurationList;
			buildConfigurations = (
				3264C32B1CBA37D600C2F0E3 /* Debug */,
				3264C32C1CBA37D600C2F0E3 /* Release */,
			);
			defaultConfigurationIsVisible = 0;
			defaultConfigurationName = Release;
		};
/* End XCConfigurationList section */
	};
	rootObject = 3264C30B1CBA37D500C2F0E3 /* Project object */;
}
