// !$*UTF8*$!
{
	archiveVersion = 1;
	classes = {
	};
	objectVersion = 46;
	objects = {

/* Begin PBXBuildFile section */
		32BCFEF21CAD0B360040F6D7 /* main.m in Sources */ = {isa = PBXBuildFile; fileRef = 32BCFEF11CAD0B360040F6D7 /* main.m */; };
		32BCFEF51CAD0B360040F6D7 /* AppDelegate.m in Sources */ = {isa = PBXBuildFile; fileRef = 32BCFEF41CAD0B360040F6D7 /* AppDelegate.m */; };
		32BCFEF81CAD0B360040F6D7 /* ViewController.m in Sources */ = {isa = PBXBuildFile; fileRef = 32BCFEF71CAD0B360040F6D7 /* ViewController.m */; };
		32BCFEFB1CAD0B360040F6D7 /* Main.storyboard in Resources */ = {isa = PBXBuildFile; fileRef = 32BCFEF91CAD0B360040F6D7 /* Main.storyboard */; };
		32BCFEFD1CAD0B360040F6D7 /* Assets.xcassets in Resources */ = {isa = PBXBuildFile; fileRef = 32BCFEFC1CAD0B360040F6D7 /* Assets.xcassets */; };
		32BCFF001CAD0B360040F6D7 /* LaunchScreen.storyboard in Resources */ = {isa = PBXBuildFile; fileRef = 32BCFEFE1CAD0B360040F6D7 /* LaunchScreen.storyboard */; };
/* End PBXBuildFile section */

/* Begin PBXFileReference section */
		32BCFEED1CAD0B360040F6D7 /* CustomAlertView.app */ = {isa = PBXFileReference; explicitFileType = wrapper.application; includeInIndex = 0; path = CustomAlertView.app; sourceTree = BUILT_PRODUCTS_DIR; };
		32BCFEF11CAD0B360040F6D7 /* main.m */ = {isa = PBXFileReference; lastKnownFileType = sourcecode.c.objc; path = main.m; sourceTree = "<group>"; };
		32BCFEF31CAD0B360040F6D7 /* AppDelegate.h */ = {isa = PBXFileReference; lastKnownFileType = sourcecode.c.h; path = AppDelegate.h; sourceTree = "<group>"; };
		32BCFEF41CAD0B360040F6D7 /* AppDelegate.m */ = {isa = PBXFileReference; lastKnownFileType = sourcecode.c.objc; path = AppDelegate.m; sourceTree = "<group>"; };
		32BCFEF61CAD0B360040F6D7 /* ViewController.h */ = {isa = PBXFileReference; lastKnownFileType = sourcecode.c.h; path = ViewController.h; sourceTree = "<group>"; };
		32BCFEF71CAD0B360040F6D7 /* ViewController.m */ = {isa = PBXFileReference; lastKnownFileType = sourcecode.c.objc; path = ViewController.m; sourceTree = "<group>"; };
		32BCFEFA1CAD0B360040F6D7 /* Base */ = {isa = PBXFileReference; lastKnownFileType = file.storyboard; name = Base; path = Base.lproj/Main.storyboard; sourceTree = "<group>"; };
		32BCFEFC1CAD0B360040F6D7 /* Assets.xcassets */ = {isa = PBXFileReference; lastKnownFileType = folder.assetcatalog; path = Assets.xcassets; sourceTree = "<group>"; };
		32BCFEFF1CAD0B360040F6D7 /* Base */ = {isa = PBXFileReference; lastKnownFileType = file.storyboard; name = Base; path = Base.lproj/LaunchScreen.storyboard; sourceTree = "<group>"; };
		32BCFF011CAD0B360040F6D7 /* Info.plist */ = {isa = PBXFileReference; lastKnownFileType = text.plist.xml; path = Info.plist; sourceTree = "<group>"; };
/* End PBXFileReference section */

/* Begin PBXFrameworksBuildPhase section */
		32BCFEEA1CAD0B360040F6D7 /* Frameworks */ = {
			isa = PBXFrameworksBuildPhase;
			buildActionMask = 2147483647;
			files = (
			);
			runOnlyForDeploymentPostprocessing = 0;
		};
/* End PBXFrameworksBuildPhase section */

/* Begin PBXGroup section */
		32BCFEE41CAD0B350040F6D7 = {
			isa = PBXGroup;
			children = (
				32BCFEEF1CAD0B360040F6D7 /* CustomAlertView */,
				32BCFEEE1CAD0B360040F6D7 /* Products */,
			);
			sourceTree = "<group>";
		};
		32BCFEEE1CAD0B360040F6D7 /* Products */ = {
			isa = PBXGroup;
			children = (
				32BCFEED1CAD0B360040F6D7 /* CustomAlertView.app */,
			);
			name = Products;
			sourceTree = "<group>";
		};
		32BCFEEF1CAD0B360040F6D7 /* CustomAlertView */ = {
			isa = PBXGroup;
			children = (
				32BCFEF31CAD0B360040F6D7 /* AppDelegate.h */,
				32BCFEF41CAD0B360040F6D7 /* AppDelegate.m */,
				32BCFEF61CAD0B360040F6D7 /* ViewController.h */,
				32BCFEF71CAD0B360040F6D7 /* ViewController.m */,
				32BCFEF91CAD0B360040F6D7 /* Main.storyboard */,
				32BCFEFC1CAD0B360040F6D7 /* Assets.xcassets */,
				32BCFEFE1CAD0B360040F6D7 /* LaunchScreen.storyboard */,
				32BCFF011CAD0B360040F6D7 /* Info.plist */,
				32BCFEF01CAD0B360040F6D7 /* Supporting Files */,
			);
			path = CustomAlertView;
			sourceTree = "<group>";
		};
		32BCFEF01CAD0B360040F6D7 /* Supporting Files */ = {
			isa = PBXGroup;
			children = (
				32BCFEF11CAD0B360040F6D7 /* main.m */,
			);
			name = "Supporting Files";
			sourceTree = "<group>";
		};
/* End PBXGroup section */

/* Begin PBXNativeTarget section */
		32BCFEEC1CAD0B360040F6D7 /* CustomAlertView */ = {
			isa = PBXNativeTarget;
			buildConfigurationList = 32BCFF041CAD0B360040F6D7 /* Build configuration list for PBXNativeTarget "CustomAlertView" */;
			buildPhases = (
				32BCFEE91CAD0B360040F6D7 /* Sources */,
				32BCFEEA1CAD0B360040F6D7 /* Frameworks */,
				32BCFEEB1CAD0B360040F6D7 /* Resources */,
			);
			buildRules = (
			);
			dependencies = (
			);
			name = CustomAlertView;
			productName = CustomAlertView;
			productReference = 32BCFEED1CAD0B360040F6D7 /* CustomAlertView.app */;
			productType = "com.apple.product-type.application";
		};
/* End PBXNativeTarget section */

/* Begin PBXProject section */
		32BCFEE51CAD0B350040F6D7 /* Project object */ = {
			isa = PBXProject;
			attributes = {
				LastUpgradeCheck = 0720;
				ORGANIZATIONNAME = "Quang Dai";
				TargetAttributes = {
					32BCFEEC1CAD0B360040F6D7 = {
						CreatedOnToolsVersion = 7.2;
					};
				};
			};
			buildConfigurationList = 32BCFEE81CAD0B350040F6D7 /* Build configuration list for PBXProject "CustomAlertView" */;
			compatibilityVersion = "Xcode 3.2";
			developmentRegion = English;
			hasScannedForEncodings = 0;
			knownRegions = (
				en,
				Base,
			);
			mainGroup = 32BCFEE41CAD0B350040F6D7;
			productRefGroup = 32BCFEEE1CAD0B360040F6D7 /* Products */;
			projectDirPath = "";
			projectRoot = "";
			targets = (
				32BCFEEC1CAD0B360040F6D7 /* CustomAlertView */,
			);
		};
/* End PBXProject section */

/* Begin PBXResourcesBuildPhase section */
		32BCFEEB1CAD0B360040F6D7 /* Resources */ = {
			isa = PBXResourcesBuildPhase;
			buildActionMask = 2147483647;
			files = (
				32BCFF001CAD0B360040F6D7 /* LaunchScreen.storyboard in Resources */,
				32BCFEFD1CAD0B360040F6D7 /* Assets.xcassets in Resources */,
				32BCFEFB1CAD0B360040F6D7 /* Main.storyboard in Resources */,
			);
			runOnlyForDeploymentPostprocessing = 0;
		};
/* End PBXResourcesBuildPhase section */

/* Begin PBXSourcesBuildPhase section */
		32BCFEE91CAD0B360040F6D7 /* Sources */ = {
			isa = PBXSourcesBuildPhase;
			buildActionMask = 2147483647;
			files = (
				32BCFEF81CAD0B360040F6D7 /* ViewController.m in Sources */,
				32BCFEF51CAD0B360040F6D7 /* AppDelegate.m in Sources */,
				32BCFEF21CAD0B360040F6D7 /* main.m in Sources */,
			);
			runOnlyForDeploymentPostprocessing = 0;
		};
/* End PBXSourcesBuildPhase section */

/* Begin PBXVariantGroup section */
		32BCFEF91CAD0B360040F6D7 /* Main.storyboard */ = {
			isa = PBXVariantGroup;
			children = (
				32BCFEFA1CAD0B360040F6D7 /* Base */,
			);
			name = Main.storyboard;
			sourceTree = "<group>";
		};
		32BCFEFE1CAD0B360040F6D7 /* LaunchScreen.storyboard */ = {
			isa = PBXVariantGroup;
			children = (
				32BCFEFF1CAD0B360040F6D7 /* Base */,
			);
			name = LaunchScreen.storyboard;
			sourceTree = "<group>";
		};
/* End PBXVariantGroup section */

/* Begin XCBuildConfiguration section */
		32BCFF021CAD0B360040F6D7 /* Debug */ = {
			isa = XCBuildConfiguration;
			buildSettings = {
				ALWAYS_SEARCH_USER_PATHS = NO;
				CLANG_CXX_LANGUAGE_STANDARD = "gnu++0x";
				CLANG_CXX_LIBRARY = "libc++";
				CLANG_ENABLE_MODULES = YES;
				CLANG_ENABLE_OBJC_ARC = YES;
				CLANG_WARN_BOOL_CONVERSION = YES;
				CLANG_WARN_CONSTANT_CONVERSION = YES;
				CLANG_WARN_DIRECT_OBJC_ISA_USAGE = YES_ERROR;
				CLANG_WARN_EMPTY_BODY = YES;
				CLANG_WARN_ENUM_CONVERSION = YES;
				CLANG_WARN_INT_CONVERSION = YES;
				CLANG_WARN_OBJC_ROOT_CLASS = YES_ERROR;
				CLANG_WARN_UNREACHABLE_CODE = YES;
				CLANG_WARN__DUPLICATE_METHOD_MATCH = YES;
				"CODE_SIGN_IDENTITY[sdk=iphoneos*]" = "iPhone Developer";
				COPY_PHASE_STRIP = NO;
				DEBUG_INFORMATION_FORMAT = dwarf;
				ENABLE_STRICT_OBJC_MSGSEND = YES;
				ENABLE_TESTABILITY = YES;
				GCC_C_LANGUAGE_STANDARD = gnu99;
				GCC_DYNAMIC_NO_PIC = NO;
				GCC_NO_COMMON_BLOCKS = YES;
				GCC_OPTIMIZATION_LEVEL = 0;
				GCC_PREPROCESSOR_DEFINITIONS = (
					"DEBUG=1",
					"$(inherited)",
				);
				GCC_WARN_64_TO_32_BIT_CONVERSION = YES;
				GCC_WARN_ABOUT_RETURN_TYPE = YES_ERROR;
				GCC_WARN_UNDECLARED_SELECTOR = YES;
				GCC_WARN_UNINITIALIZED_AUTOS = YES_AGGRESSIVE;
				GCC_WARN_UNUSED_FUNCTION = YES;
				GCC_WARN_UNUSED_VARIABLE = YES;
				IPHONEOS_DEPLOYMENT_TARGET = 9.2;
				MTL_ENABLE_DEBUG_INFO = YES;
				ONLY_ACTIVE_ARCH = YES;
				SDKROOT = iphoneos;
				TARGETED_DEVICE_FAMILY = "1,2";
			};
			name = Debug;
		};
		32BCFF031CAD0B360040F6D7 /* Release */ = {
			isa = XCBuildConfiguration;
			buildSettings = {
				ALWAYS_SEARCH_USER_PATHS = NO;
				CLANG_CXX_LANGUAGE_STANDARD = "gnu++0x";
				CLANG_CXX_LIBRARY = "libc++";
				CLANG_ENABLE_MODULES = YES;
				CLANG_ENABLE_OBJC_ARC = YES;
				CLANG_WARN_BOOL_CONVERSION = YES;
				CLANG_WARN_CONSTANT_CONVERSION = YES;
				CLANG_WARN_DIRECT_OBJC_ISA_USAGE = YES_ERROR;
				CLANG_WARN_EMPTY_BODY = YES;
				CLANG_WARN_ENUM_CONVERSION = YES;
				CLANG_WARN_INT_CONVERSION = YES;
				CLANG_WARN_OBJC_ROOT_CLASS = YES_ERROR;
				CLANG_WARN_UNREACHABLE_CODE = YES;
				CLANG_WARN__DUPLICATE_METHOD_MATCH = YES;
				"CODE_SIGN_IDENTITY[sdk=iphoneos*]" = "iPhone Developer";
				COPY_PHASE_STRIP = NO;
				DEBUG_INFORMATION_FORMAT = "dwarf-with-dsym";
				ENABLE_NS_ASSERTIONS = NO;
				ENABLE_STRICT_OBJC_MSGSEND = YES;
				GCC_C_LANGUAGE_STANDARD = gnu99;
				GCC_NO_COMMON_BLOCKS = YES;
				GCC_WARN_64_TO_32_BIT_CONVERSION = YES;
				GCC_WARN_ABOUT_RETURN_TYPE = YES_ERROR;
				GCC_WARN_UNDECLARED_SELECTOR = YES;
				GCC_WARN_UNINITIALIZED_AUTOS = YES_AGGRESSIVE;
				GCC_WARN_UNUSED_FUNCTION = YES;
				GCC_WARN_UNUSED_VARIABLE = YES;
				IPHONEOS_DEPLOYMENT_TARGET = 9.2;
				MTL_ENABLE_DEBUG_INFO = NO;
				SDKROOT = iphoneos;
				TARGETED_DEVICE_FAMILY = "1,2";
				VALIDATE_PRODUCT = YES;
			};
			name = Release;
		};
		32BCFF051CAD0B360040F6D7 /* Debug */ = {
			isa = XCBuildConfiguration;
			buildSettings = {
				ASSETCATALOG_COMPILER_APPICON_NAME = AppIcon;
				INFOPLIST_FILE = CustomAlertView/Info.plist;
				LD_RUNPATH_SEARCH_PATHS = "$(inherited) @executable_path/Frameworks";
				PRODUCT_BUNDLE_IDENTIFIER = daitq.CustomAlertView;
				PRODUCT_NAME = "$(TARGET_NAME)";
			};
			name = Debug;
		};
		32BCFF061CAD0B360040F6D7 /* Release */ = {
			isa = XCBuildConfiguration;
			buildSettings = {
				ASSETCATALOG_COMPILER_APPICON_NAME = AppIcon;
				INFOPLIST_FILE = CustomAlertView/Info.plist;
				LD_RUNPATH_SEARCH_PATHS = "$(inherited) @executable_path/Frameworks";
				PRODUCT_BUNDLE_IDENTIFIER = daitq.CustomAlertView;
				PRODUCT_NAME = "$(TARGET_NAME)";
			};
			name = Release;
		};
/* End XCBuildConfiguration section */

/* Begin XCConfigurationList section */
		32BCFEE81CAD0B350040F6D7 /* Build configuration list for PBXProject "CustomAlertView" */ = {
			isa = XCConfigurationList;
			buildConfigurations = (
				32BCFF021CAD0B360040F6D7 /* Debug */,
				32BCFF031CAD0B360040F6D7 /* Release */,
			);
			defaultConfigurationIsVisible = 0;
			defaultConfigurationName = Release;
		};
		32BCFF041CAD0B360040F6D7 /* Build configuration list for PBXNativeTarget "CustomAlertView" */ = {
			isa = XCConfigurationList;
			buildConfigurations = (
				32BCFF051CAD0B360040F6D7 /* Debug */,
				32BCFF061CAD0B360040F6D7 /* Release */,
			);
			defaultConfigurationIsVisible = 0;
		};
/* End XCConfigurationList section */
	};
	rootObject = 32BCFEE51CAD0B350040F6D7 /* Project object */;
}
